# This file is autogenerated, do not edit; changes may be undone by the next 'dep ensure'.


[[projects]]
  digest = "1:8d959be9ca69a06718beec9418d66dce13facd922b3ca94a992e23ac5a389e6a"
  name = "github.com/deanishe/awgo"
  packages = [
    ".",
    "fuzzy",
    "keychain",
    "util",
  ]
  pruneopts = "UT"
  revision = "cc52e97b27226a84c029f9650e27fec7c7de76a0"
  version = "v0.17"

[[projects]]
  branch = "master"
  digest = "1:f99c72bed413d936d16bb2b30d76b3a8a872bf93002cd174b8a01c7ee35d98cc"
  name = "github.com/frioux/leatherman"
  packages = ["pkg/mozlz4"]
  pruneopts = "UT"
  revision = "c0b5d137e257f77a2a9a2dfc2b7fcb3c38f40de8"

[[projects]]
  digest = "1:259f9b7645983a7a823318d78aa96dec68af8891f706493ac1ec04d819cb977c"
  name = "github.com/pierrec/lz4"
  packages = [
    ".",
    "internal/xxh32",
  ]
  pruneopts = "UT"
  revision = "d705d4371bfccdf47f10e45584e896026c83616f"
  version = "v2.2.3"

[[projects]]
  digest = "1:cf31692c14422fa27c83a05292eb5cbe0fb2775972e8f1f8446a71549bd8980b"
  name = "github.com/pkg/errors"
  packages = ["."]
  pruneopts = "UT"
  revision = "ba968bfe8b2f7e042a574c888954fccecfa385b4"
  version = "v0.8.1"

[[projects]]
  digest = "1:56ce664abce576b1e6e3673303a5eef8ef57d3f261c2d658f6f0313ecb17ac1f"
  name = "github.com/sahilm/fuzzy"
  packages = ["."]
  pruneopts = "UT"
  revision = "0ca8ec0fccc8cd7d336a6d6dec490a327a8d5cb0"
  version = "v0.1.0"

[[projects]]
  digest = "1:1093f2eb4b344996604f7d8b29a16c5b22ab9e1b25652140d3fede39f640d5cd"
  name = "golang.org/x/text"
  packages = [
    "internal/gen",
    "internal/triegen",
    "internal/ucd",
    "transform",
    "unicode/cldr",
    "unicode/norm",
  ]
  pruneopts = "UT"
  revision = "342b2e1fbaa52c93f31447ad2c6abc048c63e475"
  version = "v0.3.2"

[[projects]]
  branch = "master"
  digest = "1:c44a77760372a998be8d4656e8d3c865f68735ec4cad1743a245903a58f64249"
  name = "golang.org/x/xerrors"
  packages = [
    ".",
    "internal",
  ]
  pruneopts = "UT"
  revision = "3ee3066db522c6628d440a3a91c4abdd7f5ef22f"

[solve-meta]
  analyzer-name = "dep"
  analyzer-version = 1
  input-imports = [
    "github.com/deanishe/awgo",
    "github.com/frioux/leatherman/pkg/mozlz4",
    "github.com/sahilm/fuzzy",
  ]
  solver-name = "gps-cdcl"
  solver-version = 1
